// !$*UTF8*$!
{
	archiveVersion = 1;
	classes = {
	};
	objectVersion = 46;
	objects = {

/* Begin PBXBuildFile section */
		2AB00AAA158CAF0600951B15 /* UIKit.framework in Frameworks */ = {isa = PBXBuildFile; fileRef = 2AB00AA9158CAF0600951B15 /* UIKit.framework */; };
		2AB00AAC158CAF0600951B15 /* Foundation.framework in Frameworks */ = {isa = PBXBuildFile; fileRef = 2AB00AAB158CAF0600951B15 /* Foundation.framework */; };
		2AB00AAE158CAF0600951B15 /* CoreGraphics.framework in Frameworks */ = {isa = PBXBuildFile; fileRef = 2AB00AAD158CAF0600951B15 /* CoreGraphics.framework */; };
		2AB00AB4158CAF0600951B15 /* InfoPlist.strings in Resources */ = {isa = PBXBuildFile; fileRef = 2AB00AB2158CAF0600951B15 /* InfoPlist.strings */; };
		2AB00AB6158CAF0600951B15 /* main.m in Sources */ = {isa = PBXBuildFile; fileRef = 2AB00AB5158CAF0600951B15 /* main.m */; };
		2AB00ABA158CAF0600951B15 /* GSAppDelegate.m in Sources */ = {isa = PBXBuildFile; fileRef = 2AB00AB9158CAF0600951B15 /* GSAppDelegate.m */; };
		2AB00AC9158CB26B00951B15 /* GSViewController.m in Sources */ = {isa = PBXBuildFile; fileRef = 2AB00AC8158CB26B00951B15 /* GSViewController.m */; };
		2AB00AD0158CB90600951B15 /* GSItemModel.m in Sources */ = {isa = PBXBuildFile; fileRef = 2AB00ACF158CB90600951B15 /* GSItemModel.m */; };
		2AB00AFF158CD76F00951B15 /* placeholder.png in Resources */ = {isa = PBXBuildFile; fileRef = 2AB00AFE158CD76F00951B15 /* placeholder.png */; };
		2AB00B01158CD9A300951B15 /* bg.png in Resources */ = {isa = PBXBuildFile; fileRef = 2AB00B00158CD9A300951B15 /* bg.png */; };
		2AB00B0B158CF0E300951B15 /* GSItemTableVIewCell.m in Sources */ = {isa = PBXBuildFile; fileRef = 2AB00B0A158CF0E300951B15 /* GSItemTableVIewCell.m */; };
		2AB00B41158D3C6600951B15 /* ItemModel.xcdatamodeld in Sources */ = {isa = PBXBuildFile; fileRef = 2AB00B3F158D3C6600951B15 /* ItemModel.xcdatamodeld */; };
		2AB00B4E158D3EEE00951B15 /* Media.m in Sources */ = {isa = PBXBuildFile; fileRef = 2AB00B4D158D3EEE00951B15 /* Media.m */; };
		2AB00B57158D43CF00951B15 /* Items.m in Sources */ = {isa = PBXBuildFile; fileRef = 2AB00B56158D43CE00951B15 /* Items.m */; };
		80B6BA3436234275AF73FFD0 /* libPods.a in Frameworks */ = {isa = PBXBuildFile; fileRef = 7B139EA9BD854872A49AEA38 /* libPods.a */; };
/* End PBXBuildFile section */

/* Begin PBXFileReference section */
		2AB00AA5158CAF0600951B15 /* geosocial.app */ = {isa = PBXFileReference; explicitFileType = wrapper.application; includeInIndex = 0; path = geosocial.app; sourceTree = BUILT_PRODUCTS_DIR; };
		2AB00AA9158CAF0600951B15 /* UIKit.framework */ = {isa = PBXFileReference; includeInIndex = 1; lastKnownFileType = wrapper.framework; name = UIKit.framework; path = System/Library/Frameworks/UIKit.framework; sourceTree = SDKROOT; };
		2AB00AAB158CAF0600951B15 /* Foundation.framework */ = {isa = PBXFileReference; includeInIndex = 1; lastKnownFileType = wrapper.framework; name = Foundation.framework; path = System/Library/Frameworks/Foundation.framework; sourceTree = SDKROOT; };
		2AB00AAD158CAF0600951B15 /* CoreGraphics.framework */ = {isa = PBXFileReference; includeInIndex = 1; lastKnownFileType = wrapper.framework; name = CoreGraphics.framework; path = System/Library/Frameworks/CoreGraphics.framework; sourceTree = SDKROOT; };
		2AB00AB1158CAF0600951B15 /* geosocial-Info.plist */ = {isa = PBXFileReference; lastKnownFileType = text.plist.xml; path = "geosocial-Info.plist"; sourceTree = "<group>"; };
		2AB00AB3158CAF0600951B15 /* en */ = {isa = PBXFileReference; lastKnownFileType = text.plist.strings; name = en; path = en.lproj/InfoPlist.strings; sourceTree = "<group>"; };
		2AB00AB5158CAF0600951B15 /* main.m */ = {isa = PBXFileReference; lastKnownFileType = sourcecode.c.objc; path = main.m; sourceTree = "<group>"; };
		2AB00AB7158CAF0600951B15 /* geosocial-Prefix.pch */ = {isa = PBXFileReference; lastKnownFileType = sourcecode.c.h; path = "geosocial-Prefix.pch"; sourceTree = "<group>"; };
		2AB00AB8158CAF0600951B15 /* GSAppDelegate.h */ = {isa = PBXFileReference; lastKnownFileType = sourcecode.c.h; path = GSAppDelegate.h; sourceTree = "<group>"; };
		2AB00AB9158CAF0600951B15 /* GSAppDelegate.m */ = {isa = PBXFileReference; lastKnownFileType = sourcecode.c.objc; path = GSAppDelegate.m; sourceTree = "<group>"; };
		2AB00AC7158CB26B00951B15 /* GSViewController.h */ = {isa = PBXFileReference; fileEncoding = 4; lastKnownFileType = sourcecode.c.h; path = GSViewController.h; sourceTree = "<group>"; };
		2AB00AC8158CB26B00951B15 /* GSViewController.m */ = {isa = PBXFileReference; fileEncoding = 4; lastKnownFileType = sourcecode.c.objc; path = GSViewController.m; sourceTree = "<group>"; };
		2AB00ACE158CB90600951B15 /* GSItemModel.h */ = {isa = PBXFileReference; fileEncoding = 4; lastKnownFileType = sourcecode.c.h; path = GSItemModel.h; sourceTree = "<group>"; };
		2AB00ACF158CB90600951B15 /* GSItemModel.m */ = {isa = PBXFileReference; fileEncoding = 4; lastKnownFileType = sourcecode.c.objc; path = GSItemModel.m; sourceTree = "<group>"; };
		2AB00AFE158CD76F00951B15 /* placeholder.png */ = {isa = PBXFileReference; lastKnownFileType = image.png; path = placeholder.png; sourceTree = "<group>"; };
		2AB00B00158CD9A300951B15 /* bg.png */ = {isa = PBXFileReference; lastKnownFileType = image.png; path = bg.png; sourceTree = "<group>"; };
		2AB00B09158CF0E300951B15 /* GSItemTableVIewCell.h */ = {isa = PBXFileReference; fileEncoding = 4; lastKnownFileType = sourcecode.c.h; path = GSItemTableVIewCell.h; sourceTree = "<group>"; };
		2AB00B0A158CF0E300951B15 /* GSItemTableVIewCell.m */ = {isa = PBXFileReference; fileEncoding = 4; lastKnownFileType = sourcecode.c.objc; path = GSItemTableVIewCell.m; sourceTree = "<group>"; };
		2AB00B40158D3C6600951B15 /* ItemModel.xcdatamodel */ = {isa = PBXFileReference; lastKnownFileType = wrapper.xcdatamodel; path = ItemModel.xcdatamodel; sourceTree = "<group>"; };
		2AB00B4C158D3EEE00951B15 /* Media.h */ = {isa = PBXFileReference; fileEncoding = 4; lastKnownFileType = sourcecode.c.h; path = Media.h; sourceTree = "<group>"; };
		2AB00B4D158D3EEE00951B15 /* Media.m */ = {isa = PBXFileReference; fileEncoding = 4; lastKnownFileType = sourcecode.c.objc; path = Media.m; sourceTree = "<group>"; };
		2AB00B55158D43CE00951B15 /* Items.h */ = {isa = PBXFileReference; fileEncoding = 4; lastKnownFileType = sourcecode.c.h; path = Items.h; sourceTree = "<group>"; };
		2AB00B56158D43CE00951B15 /* Items.m */ = {isa = PBXFileReference; fileEncoding = 4; lastKnownFileType = sourcecode.c.objc; path = Items.m; sourceTree = "<group>"; };
		7B139EA9BD854872A49AEA38 /* libPods.a */ = {isa = PBXFileReference; explicitFileType = archive.ar; includeInIndex = 0; path = libPods.a; sourceTree = BUILT_PRODUCTS_DIR; };
		E61DCCD937194942821CE5D8 /* Pods.xcconfig */ = {isa = PBXFileReference; includeInIndex = 1; lastKnownFileType = text.xcconfig; name = Pods.xcconfig; path = Pods/Pods.xcconfig; sourceTree = SOURCE_ROOT; };
/* End PBXFileReference section */

/* Begin PBXFrameworksBuildPhase section */
		2AB00AA2158CAF0600951B15 /* Frameworks */ = {
			isa = PBXFrameworksBuildPhase;
			buildActionMask = 2147483647;
			files = (
				2AB00AAA158CAF0600951B15 /* UIKit.framework in Frameworks */,
				2AB00AAC158CAF0600951B15 /* Foundation.framework in Frameworks */,
				2AB00AAE158CAF0600951B15 /* CoreGraphics.framework in Frameworks */,
				80B6BA3436234275AF73FFD0 /* libPods.a in Frameworks */,
			);
			runOnlyForDeploymentPostprocessing = 0;
		};
/* End PBXFrameworksBuildPhase section */

/* Begin PBXGroup section */
		2AB00A9A158CAF0600951B15 = {
			isa = PBXGroup;
			children = (
				2AB00AAF158CAF0600951B15 /* geosocial */,
				2AB00AA8158CAF0600951B15 /* Frameworks */,
				2AB00AA6158CAF0600951B15 /* Products */,
				E61DCCD937194942821CE5D8 /* Pods.xcconfig */,
			);
			sourceTree = "<group>";
		};
		2AB00AA6158CAF0600951B15 /* Products */ = {
			isa = PBXGroup;
			children = (
				2AB00AA5158CAF0600951B15 /* geosocial.app */,
			);
			name = Products;
			sourceTree = "<group>";
		};
		2AB00AA8158CAF0600951B15 /* Frameworks */ = {
			isa = PBXGroup;
			children = (
				2AB00AA9158CAF0600951B15 /* UIKit.framework */,
				2AB00AAB158CAF0600951B15 /* Foundation.framework */,
				2AB00AAD158CAF0600951B15 /* CoreGraphics.framework */,
				7B139EA9BD854872A49AEA38 /* libPods.a */,
			);
			name = Frameworks;
			sourceTree = "<group>";
		};
		2AB00AAF158CAF0600951B15 /* geosocial */ = {
			isa = PBXGroup;
			children = (
				2AB00AFC158CD75400951B15 /* Res */,
				2AB00ACD158CB4D100951B15 /* views */,
				2AB00ACC158CB2B500951B15 /* models */,
				2AB00ACB158CB27400951B15 /* viewControllers */,
				2AB00AB8158CAF0600951B15 /* GSAppDelegate.h */,
				2AB00AB9158CAF0600951B15 /* GSAppDelegate.m */,
				2AB00AB0158CAF0600951B15 /* Supporting Files */,
			);
			path = geosocial;
			sourceTree = "<group>";
		};
		2AB00AB0158CAF0600951B15 /* Supporting Files */ = {
			isa = PBXGroup;
			children = (
				2AB00AB1158CAF0600951B15 /* geosocial-Info.plist */,
				2AB00AB2158CAF0600951B15 /* InfoPlist.strings */,
				2AB00AB5158CAF0600951B15 /* main.m */,
				2AB00AB7158CAF0600951B15 /* geosocial-Prefix.pch */,
			);
			name = "Supporting Files";
			sourceTree = "<group>";
		};
		2AB00ACB158CB27400951B15 /* viewControllers */ = {
			isa = PBXGroup;
			children = (
				2AB00AC7158CB26B00951B15 /* GSViewController.h */,
				2AB00AC8158CB26B00951B15 /* GSViewController.m */,
			);
			name = viewControllers;
			sourceTree = "<group>";
		};
		2AB00ACC158CB2B500951B15 /* models */ = {
			isa = PBXGroup;
			children = (
				2AB00ACE158CB90600951B15 /* GSItemModel.h */,
				2AB00ACF158CB90600951B15 /* GSItemModel.m */,
				2AB00B4C158D3EEE00951B15 /* Media.h */,
				2AB00B4D158D3EEE00951B15 /* Media.m */,
				2AB00B55158D43CE00951B15 /* Items.h */,
				2AB00B56158D43CE00951B15 /* Items.m */,
			);
			name = models;
			sourceTree = "<group>";
		};
		2AB00ACD158CB4D100951B15 /* views */ = {
			isa = PBXGroup;
			children = (
				2AB00B09158CF0E300951B15 /* GSItemTableVIewCell.h */,
				2AB00B0A158CF0E300951B15 /* GSItemTableVIewCell.m */,
			);
			name = views;
			sourceTree = "<group>";
		};
		2AB00AFC158CD75400951B15 /* Res */ = {
			isa = PBXGroup;
			children = (
				2AB00B00158CD9A300951B15 /* bg.png */,
				2AB00AFE158CD76F00951B15 /* placeholder.png */,
				2AB00B3F158D3C6600951B15 /* ItemModel.xcdatamodeld */,
			);
			name = Res;
			sourceTree = "<group>";
		};
/* End PBXGroup section */

/* Begin PBXNativeTarget section */
		2AB00AA4158CAF0600951B15 /* geosocial */ = {
			isa = PBXNativeTarget;
			buildConfigurationList = 2AB00ABD158CAF0600951B15 /* Build configuration list for PBXNativeTarget "geosocial" */;
			buildPhases = (
				2AB00AA1158CAF0600951B15 /* Sources */,
				2AB00AA2158CAF0600951B15 /* Frameworks */,
				2AB00AA3158CAF0600951B15 /* Resources */,
				83166E7DFB544219A9C68644 /* Copy Pods Resources */,
			);
			buildRules = (
			);
			dependencies = (
			);
			name = geosocial;
			productName = geosocial;
			productReference = 2AB00AA5158CAF0600951B15 /* geosocial.app */;
			productType = "com.apple.product-type.application";
		};
/* End PBXNativeTarget section */

/* Begin PBXProject section */
		2AB00A9C158CAF0600951B15 /* Project object */ = {
			isa = PBXProject;
			attributes = {
				CLASSPREFIX = GS;
				LastUpgradeCheck = 0430;
				ORGANIZATIONNAME = "";
			};
			buildConfigurationList = 2AB00A9F158CAF0600951B15 /* Build configuration list for PBXProject "geosocial" */;
			compatibilityVersion = "Xcode 3.2";
			developmentRegion = English;
			hasScannedForEncodings = 0;
			knownRegions = (
				en,
			);
			mainGroup = 2AB00A9A158CAF0600951B15;
			productRefGroup = 2AB00AA6158CAF0600951B15 /* Products */;
			projectDirPath = "";
			projectRoot = "";
			targets = (
				2AB00AA4158CAF0600951B15 /* geosocial */,
			);
		};
/* End PBXProject section */

/* Begin PBXResourcesBuildPhase section */
		2AB00AA3158CAF0600951B15 /* Resources */ = {
			isa = PBXResourcesBuildPhase;
			buildActionMask = 2147483647;
			files = (
				2AB00AB4158CAF0600951B15 /* InfoPlist.strings in Resources */,
				2AB00AFF158CD76F00951B15 /* placeholder.png in Resources */,
				2AB00B01158CD9A300951B15 /* bg.png in Resources */,
			);
			runOnlyForDeploymentPostprocessing = 0;
		};
/* End PBXResourcesBuildPhase section */

/* Begin PBXShellScriptBuildPhase section */
		83166E7DFB544219A9C68644 /* Copy Pods Resources */ = {
			isa = PBXShellScriptBuildPhase;
			buildActionMask = 2147483647;
			files = (
			);
			inputPaths = (
			);
			name = "Copy Pods Resources";
			outputPaths = (
			);
			runOnlyForDeploymentPostprocessing = 0;
			shellPath = /bin/sh;
			shellScript = "\"${SRCROOT}/Pods/Pods-resources.sh\"\n";
		};
/* End PBXShellScriptBuildPhase section */

/* Begin PBXSourcesBuildPhase section */
		2AB00AA1158CAF0600951B15 /* Sources */ = {
			isa = PBXSourcesBuildPhase;
			buildActionMask = 2147483647;
			files = (
				2AB00AB6158CAF0600951B15 /* main.m in Sources */,
				2AB00ABA158CAF0600951B15 /* GSAppDelegate.m in Sources */,
				2AB00AC9158CB26B00951B15 /* GSViewController.m in Sources */,
				2AB00AD0158CB90600951B15 /* GSItemModel.m in Sources */,
				2AB00B0B158CF0E300951B15 /* GSItemTableVIewCell.m in Sources */,
				2AB00B41158D3C6600951B15 /* ItemModel.xcdatamodeld in Sources */,
				2AB00B4E158D3EEE00951B15 /* Media.m in Sources */,
				2AB00B57158D43CF00951B15 /* Items.m in Sources */,
			);
			runOnlyForDeploymentPostprocessing = 0;
		};
/* End PBXSourcesBuildPhase section */

/* Begin PBXVariantGroup section */
		2AB00AB2158CAF0600951B15 /* InfoPlist.strings */ = {
			isa = PBXVariantGroup;
			children = (
				2AB00AB3158CAF0600951B15 /* en */,
			);
			name = InfoPlist.strings;
			sourceTree = "<group>";
		};
/* End PBXVariantGroup section */

/* Begin XCBuildConfiguration section */
		2AB00ABB158CAF0600951B15 /* Debug */ = {
			isa = XCBuildConfiguration;
			buildSettings = {
				ALWAYS_SEARCH_USER_PATHS = NO;
				ARCHS = "$(ARCHS_STANDARD_32_BIT)";
				"CODE_SIGN_IDENTITY[sdk=iphoneos*]" = "iPhone Developer";
				COPY_PHASE_STRIP = NO;
				GCC_C_LANGUAGE_STANDARD = gnu99;
				GCC_DYNAMIC_NO_PIC = NO;
				GCC_OPTIMIZATION_LEVEL = 0;
				GCC_PREPROCESSOR_DEFINITIONS = (
					"DEBUG=1",
					"$(inherited)",
				);
				GCC_SYMBOLS_PRIVATE_EXTERN = NO;
				GCC_VERSION = com.apple.compilers.llvm.clang.1_0;
				GCC_WARN_ABOUT_RETURN_TYPE = YES;
				GCC_WARN_UNINITIALIZED_AUTOS = YES;
				GCC_WARN_UNUSED_VARIABLE = YES;
				IPHONEOS_DEPLOYMENT_TARGET = 5.1;
				SDKROOT = iphoneos;
				TARGETED_DEVICE_FAMILY = "1,2";
			};
			name = Debug;
		};
		2AB00ABC158CAF0600951B15 /* Release */ = {
			isa = XCBuildConfiguration;
			buildSettings = {
				ALWAYS_SEARCH_USER_PATHS = NO;
				ARCHS = "$(ARCHS_STANDARD_32_BIT)";
				"CODE_SIGN_IDENTITY[sdk=iphoneos*]" = "iPhone Developer";
				COPY_PHASE_STRIP = YES;
				GCC_C_LANGUAGE_STANDARD = gnu99;
				GCC_VERSION = com.apple.compilers.llvm.clang.1_0;
				GCC_WARN_ABOUT_RETURN_TYPE = YES;
				GCC_WARN_UNINITIALIZED_AUTOS = YES;
				GCC_WARN_UNUSED_VARIABLE = YES;
				IPHONEOS_DEPLOYMENT_TARGET = 5.1;
				OTHER_CFLAGS = "-DNS_BLOCK_ASSERTIONS=1";
				SDKROOT = iphoneos;
				TARGETED_DEVICE_FAMILY = "1,2";
				VALIDATE_PRODUCT = YES;
			};
			name = Release;
		};
		2AB00ABE158CAF0600951B15 /* Debug */ = {
			isa = XCBuildConfiguration;
			baseConfigurationReference = E61DCCD937194942821CE5D8 /* Pods.xcconfig */;
			buildSettings = {
				GCC_PRECOMPILE_PREFIX_HEADER = YES;
				GCC_PREFIX_HEADER = "geosocial/geosocial-Prefix.pch";
				INFOPLIST_FILE = "geosocial/geosocial-Info.plist";
				IPHONEOS_DEPLOYMENT_TARGET = 5.0;
				PRODUCT_NAME = "$(TARGET_NAME)";
				WRAPPER_EXTENSION = app;
			};
			name = Debug;
		};
		2AB00ABF158CAF0600951B15 /* Release */ = {
			isa = XCBuildConfiguration;
			baseConfigurationReference = E61DCCD937194942821CE5D8 /* Pods.xcconfig */;
			buildSettings = {
				GCC_PRECOMPILE_PREFIX_HEADER = YES;
				GCC_PREFIX_HEADER = "geosocial/geosocial-Prefix.pch";
				INFOPLIST_FILE = "geosocial/geosocial-Info.plist";
				IPHONEOS_DEPLOYMENT_TARGET = 5.0;
				PRODUCT_NAME = "$(TARGET_NAME)";
				WRAPPER_EXTENSION = app;
			};
			name = Release;
		};
/* End XCBuildConfiguration section */

/* Begin XCConfigurationList section */
		2AB00A9F158CAF0600951B15 /* Build configuration list for PBXProject "geosocial" */ = {
			isa = XCConfigurationList;
			buildConfigurations = (
				2AB00ABB158CAF0600951B15 /* Debug */,
				2AB00ABC158CAF0600951B15 /* Release */,
			);
			defaultConfigurationIsVisible = 0;
			defaultConfigurationName = Release;
		};
		2AB00ABD158CAF0600951B15 /* Build configuration list for PBXNativeTarget "geosocial" */ = {
			isa = XCConfigurationList;
			buildConfigurations = (
				2AB00ABE158CAF0600951B15 /* Debug */,
				2AB00ABF158CAF0600951B15 /* Release */,
			);
			defaultConfigurationIsVisible = 0;
			defaultConfigurationName = Release;
		};
/* End XCConfigurationList section */

/* Begin XCVersionGroup section */
		2AB00B3F158D3C6600951B15 /* ItemModel.xcdatamodeld */ = {
			isa = XCVersionGroup;
			children = (
				2AB00B40158D3C6600951B15 /* ItemModel.xcdatamodel */,
			);
			currentVersion = 2AB00B40158D3C6600951B15 /* ItemModel.xcdatamodel */;
			path = ItemModel.xcdatamodeld;
			sourceTree = "<group>";
			versionGroupType = wrapper.xcdatamodel;
		};
/* End XCVersionGroup section */
	};
	rootObject = 2AB00A9C158CAF0600951B15 /* Project object */;
}
